
Microsoft Visual Studio Solution File, Format Version 12.00
# Visual Studio Version 16
VisualStudioVersion = 16.0.30320.27
MinimumVisualStudioVersion = 10.0.40219.1
Project("{FAE04EC0-301F-11D3-BF4B-00C04F79EFBC}") = "WenAppNoDockerFile", "WenAppNoDockerFile\WenAppNoDockerFile.csproj", "{FD787D36-0EBF-4796-8CA5-1A0F6B8F94AC}"
EndProject
Global
	GlobalSection(SolutionConfigurationPlatforms) = preSolution
		Debug|Any CPU = Debug|Any CPU
		Release|Any CPU = Release|Any CPU
	EndGlobalSection
	GlobalSection(ProjectConfigurationPlatforms) = postSolution
		{FD787D36-0EBF-4796-8CA5-1A0F6B8F94AC}.Debug|Any CPU.ActiveCfg = Debug|Any CPU
		{FD787D36-0EBF-4796-8CA5-1A0F6B8F94AC}.Debug|Any CPU.Build.0 = Debug|Any CPU
		{FD787D36-0EBF-4796-8CA5-1A0F6B8F94AC}.Release|Any CPU.ActiveCfg = Release|Any CPU
		{FD787D36-0EBF-4796-8CA5-1A0F6B8F94AC}.Release|Any CPU.Build.0 = Release|Any CPU
	EndGlobalSection
	GlobalSection(SolutionProperties) = preSolution
		HideSolutionNode = FALSE
	EndGlobalSection
	GlobalSection(ExtensibilityGlobals) = postSolution
		SolutionGuid = {2524CBCE-F184-48B5-989B-42105C0E1704}
	EndGlobalSection
EndGlobal
